
Microsoft Visual Studio Solution File, Format Version 12.00
# Visual Studio Version 16
VisualStudioVersion = 16.0.31911.196
MinimumVisualStudioVersion = 10.0.40219.1
Project("{FAE04EC0-301F-11D3-BF4B-00C04F79EFBC}") = "kanbanTahtasiProjesi", "kanbanTahtasiProjesi\kanbanTahtasiProjesi.csproj", "{66BDB776-EF30-434A-B80F-D71FDED17235}"
EndProject
Global
	GlobalSection(SolutionConfigurationPlatforms) = preSolution
		Debug|Any CPU = Debug|Any CPU
		Release|Any CPU = Release|Any CPU
	EndGlobalSection
	GlobalSection(ProjectConfigurationPlatforms) = postSolution
		{66BDB776-EF30-434A-B80F-D71FDED17235}.Debug|Any CPU.ActiveCfg = Debug|Any CPU
		{66BDB776-EF30-434A-B80F-D71FDED17235}.Debug|Any CPU.Build.0 = Debug|Any CPU
		{66BDB776-EF30-434A-B80F-D71FDED17235}.Release|Any CPU.ActiveCfg = Release|Any CPU
		{66BDB776-EF30-434A-B80F-D71FDED17235}.Release|Any CPU.Build.0 = Release|Any CPU
	EndGlobalSection
	GlobalSection(SolutionProperties) = preSolution
		HideSolutionNode = FALSE
	EndGlobalSection
	GlobalSection(ExtensibilityGlobals) = postSolution
		SolutionGuid = {3C2E2CF2-6740-444D-9DBA-2C669031AFEE}
	EndGlobalSection
EndGlobal
